
Microsoft Visual Studio Solution File, Format Version 12.00
# Visual Studio 14
VisualStudioVersion = 14.0.24720.0
MinimumVisualStudioVersion = 10.0.40219.1
Project("{FAE04EC0-301F-11D3-BF4B-00C04F79EFBC}") = "NYDOE.RER.PMO.GroupProvision", "NYDOE.RER.PMO.GroupProvision\NYDOE.RER.PMO.GroupProvision.csproj", "{328ABB08-0EE9-4C4B-936D-9F0AF7D3209A}"
EndProject
Project("{FAE04EC0-301F-11D3-BF4B-00C04F79EFBC}") = "NYDOE.RER.PMO.GroupProvisionWeb", "NYDOE.RER.PMO.GroupProvisionWeb\NYDOE.RER.PMO.GroupProvisionWeb.csproj", "{C3B6708B-2A57-43FC-BE14-2D2F54ABD6F1}"
EndProject
Global
	GlobalSection(SolutionConfigurationPlatforms) = preSolution
		Debug|Any CPU = Debug|Any CPU
		Release|Any CPU = Release|Any CPU
	EndGlobalSection
	GlobalSection(ProjectConfigurationPlatforms) = postSolution
		{328ABB08-0EE9-4C4B-936D-9F0AF7D3209A}.Debug|Any CPU.ActiveCfg = Debug|Any CPU
		{328ABB08-0EE9-4C4B-936D-9F0AF7D3209A}.Debug|Any CPU.Build.0 = Debug|Any CPU
		{328ABB08-0EE9-4C4B-936D-9F0AF7D3209A}.Debug|Any CPU.Deploy.0 = Debug|Any CPU
		{328ABB08-0EE9-4C4B-936D-9F0AF7D3209A}.Release|Any CPU.ActiveCfg = Release|Any CPU
		{328ABB08-0EE9-4C4B-936D-9F0AF7D3209A}.Release|Any CPU.Build.0 = Release|Any CPU
		{328ABB08-0EE9-4C4B-936D-9F0AF7D3209A}.Release|Any CPU.Deploy.0 = Release|Any CPU
		{C3B6708B-2A57-43FC-BE14-2D2F54ABD6F1}.Debug|Any CPU.ActiveCfg = Debug|Any CPU
		{C3B6708B-2A57-43FC-BE14-2D2F54ABD6F1}.Debug|Any CPU.Build.0 = Debug|Any CPU
		{C3B6708B-2A57-43FC-BE14-2D2F54ABD6F1}.Release|Any CPU.ActiveCfg = Release|Any CPU
		{C3B6708B-2A57-43FC-BE14-2D2F54ABD6F1}.Release|Any CPU.Build.0 = Release|Any CPU
	EndGlobalSection
	GlobalSection(SolutionProperties) = preSolution
		HideSolutionNode = FALSE
	EndGlobalSection
EndGlobal
