
Microsoft Visual Studio Solution File, Format Version 12.00
# Visual Studio 14
VisualStudioVersion = 14.0.25123.0
MinimumVisualStudioVersion = 10.0.40219.1
Project("{FAE04EC0-301F-11D3-BF4B-00C04F79EFBC}") = "NYDOE.RER.PMO.SPGroupProvision", "NYDOE.RER.PMO.SPGroupProvision\NYDOE.RER.PMO.SPGroupProvision.csproj", "{481DAA2C-09AE-4272-9E7E-4F1414D9329F}"
EndProject
Project("{FAE04EC0-301F-11D3-BF4B-00C04F79EFBC}") = "NYDOE.RER.PMO.SPGroupProvisionWeb", "NYDOE.RER.PMO.SPGroupProvisionWeb\NYDOE.RER.PMO.SPGroupProvisionWeb.csproj", "{20BAF4AE-D28D-4D42-822F-5801B2C07A74}"
EndProject
Global
	GlobalSection(SolutionConfigurationPlatforms) = preSolution
		Debug|Any CPU = Debug|Any CPU
		Release|Any CPU = Release|Any CPU
	EndGlobalSection
	GlobalSection(ProjectConfigurationPlatforms) = postSolution
		{481DAA2C-09AE-4272-9E7E-4F1414D9329F}.Debug|Any CPU.ActiveCfg = Debug|Any CPU
		{481DAA2C-09AE-4272-9E7E-4F1414D9329F}.Debug|Any CPU.Build.0 = Debug|Any CPU
		{481DAA2C-09AE-4272-9E7E-4F1414D9329F}.Debug|Any CPU.Deploy.0 = Debug|Any CPU
		{481DAA2C-09AE-4272-9E7E-4F1414D9329F}.Release|Any CPU.ActiveCfg = Release|Any CPU
		{481DAA2C-09AE-4272-9E7E-4F1414D9329F}.Release|Any CPU.Build.0 = Release|Any CPU
		{481DAA2C-09AE-4272-9E7E-4F1414D9329F}.Release|Any CPU.Deploy.0 = Release|Any CPU
		{20BAF4AE-D28D-4D42-822F-5801B2C07A74}.Debug|Any CPU.ActiveCfg = Debug|Any CPU
		{20BAF4AE-D28D-4D42-822F-5801B2C07A74}.Debug|Any CPU.Build.0 = Debug|Any CPU
		{20BAF4AE-D28D-4D42-822F-5801B2C07A74}.Release|Any CPU.ActiveCfg = Release|Any CPU
		{20BAF4AE-D28D-4D42-822F-5801B2C07A74}.Release|Any CPU.Build.0 = Release|Any CPU
	EndGlobalSection
	GlobalSection(SolutionProperties) = preSolution
		HideSolutionNode = FALSE
	EndGlobalSection
EndGlobal
